
Microsoft Visual Studio Solution File, Format Version 12.00
# Visual Studio Version 17
VisualStudioVersion = 17.7.34031.279
MinimumVisualStudioVersion = 10.0.40219.1
Project("{FAE04EC0-301F-11D3-BF4B-00C04F79EFBC}") = "Tema1git", "Tema1git\Tema1git.csproj", "{A6179BED-F995-43BB-8539-F758C6DBA157}"
EndProject
Global
	GlobalSection(SolutionConfigurationPlatforms) = preSolution
		Debug|Any CPU = Debug|Any CPU
		Release|Any CPU = Release|Any CPU
	EndGlobalSection
	GlobalSection(ProjectConfigurationPlatforms) = postSolution
		{A6179BED-F995-43BB-8539-F758C6DBA157}.Debug|Any CPU.ActiveCfg = Debug|Any CPU
		{A6179BED-F995-43BB-8539-F758C6DBA157}.Debug|Any CPU.Build.0 = Debug|Any CPU
		{A6179BED-F995-43BB-8539-F758C6DBA157}.Release|Any CPU.ActiveCfg = Release|Any CPU
		{A6179BED-F995-43BB-8539-F758C6DBA157}.Release|Any CPU.Build.0 = Release|Any CPU
	EndGlobalSection
	GlobalSection(SolutionProperties) = preSolution
		HideSolutionNode = FALSE
	EndGlobalSection
	GlobalSection(ExtensibilityGlobals) = postSolution
		SolutionGuid = {716617BF-CFA1-49D5-B0AE-31E9FD49BBC1}
	EndGlobalSection
EndGlobal
